
Microsoft Visual Studio Solution File, Format Version 12.00
# Visual Studio Version 17
VisualStudioVersion = 17.5.33209.295
MinimumVisualStudioVersion = 10.0.40219.1
Project("{FAE04EC0-301F-11D3-BF4B-00C04F79EFBC}") = "SharpCore", "SharpCore\SharpCore.csproj", "{803E9DCC-E5CB-46CE-8DD2-4981B513F820}"
EndProject
Global
	GlobalSection(SolutionConfigurationPlatforms) = preSolution
		Debug|Any CPU = Debug|Any CPU
		Release|Any CPU = Release|Any CPU
	EndGlobalSection
	GlobalSection(ProjectConfigurationPlatforms) = postSolution
		{803E9DCC-E5CB-46CE-8DD2-4981B513F820}.Debug|Any CPU.ActiveCfg = Debug|Any CPU
		{803E9DCC-E5CB-46CE-8DD2-4981B513F820}.Debug|Any CPU.Build.0 = Debug|Any CPU
		{803E9DCC-E5CB-46CE-8DD2-4981B513F820}.Release|Any CPU.ActiveCfg = Release|Any CPU
		{803E9DCC-E5CB-46CE-8DD2-4981B513F820}.Release|Any CPU.Build.0 = Release|Any CPU
	EndGlobalSection
	GlobalSection(SolutionProperties) = preSolution
		HideSolutionNode = FALSE
	EndGlobalSection
	GlobalSection(ExtensibilityGlobals) = postSolution
		SolutionGuid = {CF59A1E7-D845-4CE2-A86A-50D27593E1BE}
	EndGlobalSection
EndGlobal
